github.com/ibm-messaging/mq-golang/v5 v5.5.0 h1:E4guwv83vIufPzyoKNg5C4xWm9NK4UHmQAc2MGFytWo=
github.com/ibm-messaging/mq-golang/v5 v5.5.0/go.mod h1:NELV8CYOIIH1QmY6pPvulRKjwuih9YAIL9rg8+UNzNw=
golang.org/x/text v0.13.0 h1:ablQoSUd0tRdKxZewP80B+BaqeKJuVhuRxj/dkrun3k=
golang.org/x/text v0.13.0/go.mod h1:TvPlkZtksWOMsz7fbANvkp4WM8x/WCo/om8BMLbz+aE=
